{
  "object": {
    "pins": [
      {
        "package": "Alamofire",
        "repositoryURL": "https://github.com/Alamofire/Alamofire.git",
        "state": {
          "branch": "master",
          "revision": "5a625bcaa13a2919b67b67faf0a877eabb5f3ed2",
          "version": null
        }
      },
      {
        "package": "SDWebImage",
        "repositoryURL": "https://github.com/SDWebImage/SDWebImage.git",
        "state": {
          "branch": null,
          "revision": "9ffc546b8f68c3251ca09cfa95bbd20084b6321e",
          "version": "5.11.0"
        }
      }
    ]
  },
  "version": 1
}
