// !$*UTF8*$!
{
	archiveVersion = 1;
	classes = {
	};
	objectVersion = 52;
	objects = {

/* Begin PBXBuildFile section */
		1C4BBBEF2617B938003A4DC2 /* AppDelegate.swift in Sources */ = {isa = PBXBuildFile; fileRef = 1C4BBBEE2617B938003A4DC2 /* AppDelegate.swift */; };
		1C4BBBF82617B93A003A4DC2 /* Assets.xcassets in Resources */ = {isa = PBXBuildFile; fileRef = 1C4BBBF72617B93A003A4DC2 /* Assets.xcassets */; };
		1C4BBBFB2617B93A003A4DC2 /* LaunchScreen.storyboard in Resources */ = {isa = PBXBuildFile; fileRef = 1C4BBBF92617B93A003A4DC2 /* LaunchScreen.storyboard */; };
		1C4BBC062617B93A003A4DC2 /* RickAndMortyTests.swift in Sources */ = {isa = PBXBuildFile; fileRef = 1C4BBC052617B93A003A4DC2 /* RickAndMortyTests.swift */; };
		1C4BBC112617B93A003A4DC2 /* RickAndMortyUITests.swift in Sources */ = {isa = PBXBuildFile; fileRef = 1C4BBC102617B93A003A4DC2 /* RickAndMortyUITests.swift */; };
		1C4BBC292617BB29003A4DC2 /* AppContainer.swift in Sources */ = {isa = PBXBuildFile; fileRef = 1C4BBC282617BB29003A4DC2 /* AppContainer.swift */; };
		1C4BBC312617BB33003A4DC2 /* AppRouter.swift in Sources */ = {isa = PBXBuildFile; fileRef = 1C4BBC302617BB33003A4DC2 /* AppRouter.swift */; };
		1C4BBC462617BF27003A4DC2 /* CharacterList.storyboard in Resources */ = {isa = PBXBuildFile; fileRef = 1C4BBC3F2617BF27003A4DC2 /* CharacterList.storyboard */; };
		1C4BBC472617BF27003A4DC2 /* CharacterListViewController.swift in Sources */ = {isa = PBXBuildFile; fileRef = 1C4BBC402617BF27003A4DC2 /* CharacterListViewController.swift */; };
		1C4BBC482617BF27003A4DC2 /* CharacterListPresenter.swift in Sources */ = {isa = PBXBuildFile; fileRef = 1C4BBC412617BF27003A4DC2 /* CharacterListPresenter.swift */; };
		1C4BBC492617BF27003A4DC2 /* CharacterListInteractor.swift in Sources */ = {isa = PBXBuildFile; fileRef = 1C4BBC422617BF27003A4DC2 /* CharacterListInteractor.swift */; };
		1C4BBC4A2617BF27003A4DC2 /* CharacterListModels.swift in Sources */ = {isa = PBXBuildFile; fileRef = 1C4BBC432617BF27003A4DC2 /* CharacterListModels.swift */; };
		1C4BBC4B2617BF27003A4DC2 /* CharacterListWorker.swift in Sources */ = {isa = PBXBuildFile; fileRef = 1C4BBC442617BF27003A4DC2 /* CharacterListWorker.swift */; };
		1C4BBC4C2617BF27003A4DC2 /* CharacterListRouter.swift in Sources */ = {isa = PBXBuildFile; fileRef = 1C4BBC452617BF27003A4DC2 /* CharacterListRouter.swift */; };
		1C4BBC8B2617CD9E003A4DC2 /* Alamofire in Frameworks */ = {isa = PBXBuildFile; productRef = 1C4BBC8A2617CD9E003A4DC2 /* Alamofire */; };
		1C4BBC9A2617DDF6003A4DC2 /* API in Frameworks */ = {isa = PBXBuildFile; productRef = 1C4BBC992617DDF6003A4DC2 /* API */; };
		1C4BBCA52617E3CD003A4DC2 /* Extensions in Frameworks */ = {isa = PBXBuildFile; productRef = 1C4BBCA42617E3CD003A4DC2 /* Extensions */; };
		1C4BBCB52617EF3B003A4DC2 /* CharacterListCollectionViewCell.swift in Sources */ = {isa = PBXBuildFile; fileRef = 1C4BBCB32617EF3B003A4DC2 /* CharacterListCollectionViewCell.swift */; };
		1C4BBCB62617EF3B003A4DC2 /* CharacterListCollectionViewCell.xib in Resources */ = {isa = PBXBuildFile; fileRef = 1C4BBCB42617EF3B003A4DC2 /* CharacterListCollectionViewCell.xib */; };
		1C4BBCBF2617F94F003A4DC2 /* SDWebImage in Frameworks */ = {isa = PBXBuildFile; productRef = 1C4BBCBE2617F94F003A4DC2 /* SDWebImage */; };
		1C4BBCC12617F94F003A4DC2 /* SDWebImageMapKit in Frameworks */ = {isa = PBXBuildFile; productRef = 1C4BBCC02617F94F003A4DC2 /* SDWebImageMapKit */; };
		1CFFABB6261804C9007B9E43 /* CharacterGridCollectionViewCell.xib in Resources */ = {isa = PBXBuildFile; fileRef = 1CFFABB4261804C9007B9E43 /* CharacterGridCollectionViewCell.xib */; };
		1CFFABC9261807CD007B9E43 /* CharacterGridCollectionViewCell.swift in Sources */ = {isa = PBXBuildFile; fileRef = 1CFFABC8261807CD007B9E43 /* CharacterGridCollectionViewCell.swift */; };
/* End PBXBuildFile section */

/* Begin PBXContainerItemProxy section */
		1C4BBC022617B93A003A4DC2 /* PBXContainerItemProxy */ = {
			isa = PBXContainerItemProxy;
			containerPortal = 1C4BBBE32617B938003A4DC2 /* Project object */;
			proxyType = 1;
			remoteGlobalIDString = 1C4BBBEA2617B938003A4DC2;
			remoteInfo = RickAndMorty;
		};
		1C4BBC0D2617B93A003A4DC2 /* PBXContainerItemProxy */ = {
			isa = PBXContainerItemProxy;
			containerPortal = 1C4BBBE32617B938003A4DC2 /* Project object */;
			proxyType = 1;
			remoteGlobalIDString = 1C4BBBEA2617B938003A4DC2;
			remoteInfo = RickAndMorty;
		};
/* End PBXContainerItemProxy section */

/* Begin PBXFileReference section */
		1C4BBBEB2617B938003A4DC2 /* RickAndMorty.app */ = {isa = PBXFileReference; explicitFileType = wrapper.application; includeInIndex = 0; path = RickAndMorty.app; sourceTree = BUILT_PRODUCTS_DIR; };
		1C4BBBEE2617B938003A4DC2 /* AppDelegate.swift */ = {isa = PBXFileReference; lastKnownFileType = sourcecode.swift; path = AppDelegate.swift; sourceTree = "<group>"; };
		1C4BBBF72617B93A003A4DC2 /* Assets.xcassets */ = {isa = PBXFileReference; lastKnownFileType = folder.assetcatalog; path = Assets.xcassets; sourceTree = "<group>"; };
		1C4BBBFA2617B93A003A4DC2 /* Base */ = {isa = PBXFileReference; lastKnownFileType = file.storyboard; name = Base; path = Base.lproj/LaunchScreen.storyboard; sourceTree = "<group>"; };
		1C4BBBFC2617B93A003A4DC2 /* Info.plist */ = {isa = PBXFileReference; lastKnownFileType = text.plist.xml; path = Info.plist; sourceTree = "<group>"; };
		1C4BBC012617B93A003A4DC2 /* RickAndMortyTests.xctest */ = {isa = PBXFileReference; explicitFileType = wrapper.cfbundle; includeInIndex = 0; path = RickAndMortyTests.xctest; sourceTree = BUILT_PRODUCTS_DIR; };
		1C4BBC052617B93A003A4DC2 /* RickAndMortyTests.swift */ = {isa = PBXFileReference; lastKnownFileType = sourcecode.swift; path = RickAndMortyTests.swift; sourceTree = "<group>"; };
		1C4BBC072617B93A003A4DC2 /* Info.plist */ = {isa = PBXFileReference; lastKnownFileType = text.plist.xml; path = Info.plist; sourceTree = "<group>"; };
		1C4BBC0C2617B93A003A4DC2 /* RickAndMortyUITests.xctest */ = {isa = PBXFileReference; explicitFileType = wrapper.cfbundle; includeInIndex = 0; path = RickAndMortyUITests.xctest; sourceTree = BUILT_PRODUCTS_DIR; };
		1C4BBC102617B93A003A4DC2 /* RickAndMortyUITests.swift */ = {isa = PBXFileReference; lastKnownFileType = sourcecode.swift; path = RickAndMortyUITests.swift; sourceTree = "<group>"; };
		1C4BBC122617B93B003A4DC2 /* Info.plist */ = {isa = PBXFileReference; lastKnownFileType = text.plist.xml; path = Info.plist; sourceTree = "<group>"; };
		1C4BBC282617BB29003A4DC2 /* AppContainer.swift */ = {isa = PBXFileReference; lastKnownFileType = sourcecode.swift; path = AppContainer.swift; sourceTree = "<group>"; };
		1C4BBC302617BB33003A4DC2 /* AppRouter.swift */ = {isa = PBXFileReference; lastKnownFileType = sourcecode.swift; path = AppRouter.swift; sourceTree = "<group>"; };
		1C4BBC3F2617BF27003A4DC2 /* CharacterList.storyboard */ = {isa = PBXFileReference; lastKnownFileType = file.storyboard; path = CharacterList.storyboard; sourceTree = "<group>"; };
		1C4BBC402617BF27003A4DC2 /* CharacterListViewController.swift */ = {isa = PBXFileReference; lastKnownFileType = sourcecode.swift; path = CharacterListViewController.swift; sourceTree = "<group>"; };
		1C4BBC412617BF27003A4DC2 /* CharacterListPresenter.swift */ = {isa = PBXFileReference; lastKnownFileType = sourcecode.swift; path = CharacterListPresenter.swift; sourceTree = "<group>"; };
		1C4BBC422617BF27003A4DC2 /* CharacterListInteractor.swift */ = {isa = PBXFileReference; lastKnownFileType = sourcecode.swift; path = CharacterListInteractor.swift; sourceTree = "<group>"; };
		1C4BBC432617BF27003A4DC2 /* CharacterListModels.swift */ = {isa = PBXFileReference; lastKnownFileType = sourcecode.swift; path = CharacterListModels.swift; sourceTree = "<group>"; };
		1C4BBC442617BF27003A4DC2 /* CharacterListWorker.swift */ = {isa = PBXFileReference; lastKnownFileType = sourcecode.swift; path = CharacterListWorker.swift; sourceTree = "<group>"; };
		1C4BBC452617BF27003A4DC2 /* CharacterListRouter.swift */ = {isa = PBXFileReference; lastKnownFileType = sourcecode.swift; path = CharacterListRouter.swift; sourceTree = "<group>"; };
		1C4BBCB32617EF3B003A4DC2 /* CharacterListCollectionViewCell.swift */ = {isa = PBXFileReference; lastKnownFileType = sourcecode.swift; path = CharacterListCollectionViewCell.swift; sourceTree = "<group>"; };
		1C4BBCB42617EF3B003A4DC2 /* CharacterListCollectionViewCell.xib */ = {isa = PBXFileReference; lastKnownFileType = file.xib; path = CharacterListCollectionViewCell.xib; sourceTree = "<group>"; };
		1CFFABB4261804C9007B9E43 /* CharacterGridCollectionViewCell.xib */ = {isa = PBXFileReference; lastKnownFileType = file.xib; path = CharacterGridCollectionViewCell.xib; sourceTree = "<group>"; };
		1CFFABC8261807CD007B9E43 /* CharacterGridCollectionViewCell.swift */ = {isa = PBXFileReference; lastKnownFileType = sourcecode.swift; path = CharacterGridCollectionViewCell.swift; sourceTree = "<group>"; };
/* End PBXFileReference section */

/* Begin PBXFrameworksBuildPhase section */
		1C4BBBE82617B938003A4DC2 /* Frameworks */ = {
			isa = PBXFrameworksBuildPhase;
			buildActionMask = 2147483647;
			files = (
				1C4BBCA52617E3CD003A4DC2 /* Extensions in Frameworks */,
				1C4BBCC12617F94F003A4DC2 /* SDWebImageMapKit in Frameworks */,
				1C4BBC8B2617CD9E003A4DC2 /* Alamofire in Frameworks */,
				1C4BBCBF2617F94F003A4DC2 /* SDWebImage in Frameworks */,
				1C4BBC9A2617DDF6003A4DC2 /* API in Frameworks */,
			);
			runOnlyForDeploymentPostprocessing = 0;
		};
		1C4BBBFE2617B93A003A4DC2 /* Frameworks */ = {
			isa = PBXFrameworksBuildPhase;
			buildActionMask = 2147483647;
			files = (
			);
			runOnlyForDeploymentPostprocessing = 0;
		};
		1C4BBC092617B93A003A4DC2 /* Frameworks */ = {
			isa = PBXFrameworksBuildPhase;
			buildActionMask = 2147483647;
			files = (
			);
			runOnlyForDeploymentPostprocessing = 0;
		};
/* End PBXFrameworksBuildPhase section */

/* Begin PBXGroup section */
		1C4BBBE22617B938003A4DC2 = {
			isa = PBXGroup;
			children = (
				1C4BBBED2617B938003A4DC2 /* RickAndMorty */,
				1C4BBC042617B93A003A4DC2 /* RickAndMortyTests */,
				1C4BBC0F2617B93A003A4DC2 /* RickAndMortyUITests */,
				1C4BBBEC2617B938003A4DC2 /* Products */,
				1C4BBC982617DDF6003A4DC2 /* Frameworks */,
			);
			sourceTree = "<group>";
		};
		1C4BBBEC2617B938003A4DC2 /* Products */ = {
			isa = PBXGroup;
			children = (
				1C4BBBEB2617B938003A4DC2 /* RickAndMorty.app */,
				1C4BBC012617B93A003A4DC2 /* RickAndMortyTests.xctest */,
				1C4BBC0C2617B93A003A4DC2 /* RickAndMortyUITests.xctest */,
			);
			name = Products;
			sourceTree = "<group>";
		};
		1C4BBBED2617B938003A4DC2 /* RickAndMorty */ = {
			isa = PBXGroup;
			children = (
				1C4BBC272617BB10003A4DC2 /* Application */,
				1C4BBC3E2617BEF1003A4DC2 /* Scenes */,
				1C4BBBF72617B93A003A4DC2 /* Assets.xcassets */,
				1C4BBBF92617B93A003A4DC2 /* LaunchScreen.storyboard */,
				1C4BBBFC2617B93A003A4DC2 /* Info.plist */,
			);
			path = RickAndMorty;
			sourceTree = "<group>";
		};
		1C4BBC042617B93A003A4DC2 /* RickAndMortyTests */ = {
			isa = PBXGroup;
			children = (
				1C4BBC052617B93A003A4DC2 /* RickAndMortyTests.swift */,
				1C4BBC072617B93A003A4DC2 /* Info.plist */,
			);
			path = RickAndMortyTests;
			sourceTree = "<group>";
		};
		1C4BBC0F2617B93A003A4DC2 /* RickAndMortyUITests */ = {
			isa = PBXGroup;
			children = (
				1C4BBC102617B93A003A4DC2 /* RickAndMortyUITests.swift */,
				1C4BBC122617B93B003A4DC2 /* Info.plist */,
			);
			path = RickAndMortyUITests;
			sourceTree = "<group>";
		};
		1C4BBC272617BB10003A4DC2 /* Application */ = {
			isa = PBXGroup;
			children = (
				1C4BBC282617BB29003A4DC2 /* AppContainer.swift */,
				1C4BBBEE2617B938003A4DC2 /* AppDelegate.swift */,
				1C4BBC302617BB33003A4DC2 /* AppRouter.swift */,
			);
			name = Application;
			sourceTree = "<group>";
		};
		1C4BBC3E2617BEF1003A4DC2 /* Scenes */ = {
			isa = PBXGroup;
			children = (
				1C4BBC542617BF56003A4DC2 /* CharacterList */,
			);
			name = Scenes;
			sourceTree = "<group>";
		};
		1C4BBC532617BF49003A4DC2 /* Views */ = {
			isa = PBXGroup;
			children = (
				1CFFABCD26187C93007B9E43 /* CharacterListCollectionViewCell */,
				1CFFABCE26187CA3007B9E43 /* CharacterGridCollectionViewCell */,
			);
			name = Views;
			sourceTree = "<group>";
		};
		1C4BBC542617BF56003A4DC2 /* CharacterList */ = {
			isa = PBXGroup;
			children = (
				1C4BBC3F2617BF27003A4DC2 /* CharacterList.storyboard */,
				1C4BBC402617BF27003A4DC2 /* CharacterListViewController.swift */,
				1C4BBC412617BF27003A4DC2 /* CharacterListPresenter.swift */,
				1C4BBC422617BF27003A4DC2 /* CharacterListInteractor.swift */,
				1C4BBC432617BF27003A4DC2 /* CharacterListModels.swift */,
				1C4BBC442617BF27003A4DC2 /* CharacterListWorker.swift */,
				1C4BBC452617BF27003A4DC2 /* CharacterListRouter.swift */,
				1C4BBC532617BF49003A4DC2 /* Views */,
			);
			name = CharacterList;
			sourceTree = "<group>";
		};
		1C4BBC982617DDF6003A4DC2 /* Frameworks */ = {
			isa = PBXGroup;
			children = (
			);
			name = Frameworks;
			sourceTree = "<group>";
		};
		1CFFABCD26187C93007B9E43 /* CharacterListCollectionViewCell */ = {
			isa = PBXGroup;
			children = (
				1C4BBCB32617EF3B003A4DC2 /* CharacterListCollectionViewCell.swift */,
				1C4BBCB42617EF3B003A4DC2 /* CharacterListCollectionViewCell.xib */,
			);
			name = CharacterListCollectionViewCell;
			sourceTree = "<group>";
		};
		1CFFABCE26187CA3007B9E43 /* CharacterGridCollectionViewCell */ = {
			isa = PBXGroup;
			children = (
				1CFFABB4261804C9007B9E43 /* CharacterGridCollectionViewCell.xib */,
				1CFFABC8261807CD007B9E43 /* CharacterGridCollectionViewCell.swift */,
			);
			name = CharacterGridCollectionViewCell;
			sourceTree = "<group>";
		};
/* End PBXGroup section */

/* Begin PBXNativeTarget section */
		1C4BBBEA2617B938003A4DC2 /* RickAndMorty */ = {
			isa = PBXNativeTarget;
			buildConfigurationList = 1C4BBC152617B93B003A4DC2 /* Build configuration list for PBXNativeTarget "RickAndMorty" */;
			buildPhases = (
				1C4BBBE72617B938003A4DC2 /* Sources */,
				1C4BBBE82617B938003A4DC2 /* Frameworks */,
				1C4BBBE92617B938003A4DC2 /* Resources */,
			);
			buildRules = (
			);
			dependencies = (
			);
			name = RickAndMorty;
			packageProductDependencies = (
				1C4BBC8A2617CD9E003A4DC2 /* Alamofire */,
				1C4BBC992617DDF6003A4DC2 /* API */,
				1C4BBCA42617E3CD003A4DC2 /* Extensions */,
				1C4BBCBE2617F94F003A4DC2 /* SDWebImage */,
				1C4BBCC02617F94F003A4DC2 /* SDWebImageMapKit */,
			);
			productName = RickAndMorty;
			productReference = 1C4BBBEB2617B938003A4DC2 /* RickAndMorty.app */;
			productType = "com.apple.product-type.application";
		};
		1C4BBC002617B93A003A4DC2 /* RickAndMortyTests */ = {
			isa = PBXNativeTarget;
			buildConfigurationList = 1C4BBC182617B93B003A4DC2 /* Build configuration list for PBXNativeTarget "RickAndMortyTests" */;
			buildPhases = (
				1C4BBBFD2617B93A003A4DC2 /* Sources */,
				1C4BBBFE2617B93A003A4DC2 /* Frameworks */,
				1C4BBBFF2617B93A003A4DC2 /* Resources */,
			);
			buildRules = (
			);
			dependencies = (
				1C4BBC032617B93A003A4DC2 /* PBXTargetDependency */,
			);
			name = RickAndMortyTests;
			productName = RickAndMortyTests;
			productReference = 1C4BBC012617B93A003A4DC2 /* RickAndMortyTests.xctest */;
			productType = "com.apple.product-type.bundle.unit-test";
		};
		1C4BBC0B2617B93A003A4DC2 /* RickAndMortyUITests */ = {
			isa = PBXNativeTarget;
			buildConfigurationList = 1C4BBC1B2617B93B003A4DC2 /* Build configuration list for PBXNativeTarget "RickAndMortyUITests" */;
			buildPhases = (
				1C4BBC082617B93A003A4DC2 /* Sources */,
				1C4BBC092617B93A003A4DC2 /* Frameworks */,
				1C4BBC0A2617B93A003A4DC2 /* Resources */,
			);
			buildRules = (
			);
			dependencies = (
				1C4BBC0E2617B93A003A4DC2 /* PBXTargetDependency */,
			);
			name = RickAndMortyUITests;
			productName = RickAndMortyUITests;
			productReference = 1C4BBC0C2617B93A003A4DC2 /* RickAndMortyUITests.xctest */;
			productType = "com.apple.product-type.bundle.ui-testing";
		};
/* End PBXNativeTarget section */

/* Begin PBXProject section */
		1C4BBBE32617B938003A4DC2 /* Project object */ = {
			isa = PBXProject;
			attributes = {
				LastSwiftUpdateCheck = 1240;
				LastUpgradeCheck = 1240;
				TargetAttributes = {
					1C4BBBEA2617B938003A4DC2 = {
						CreatedOnToolsVersion = 12.4;
					};
					1C4BBC002617B93A003A4DC2 = {
						CreatedOnToolsVersion = 12.4;
						TestTargetID = 1C4BBBEA2617B938003A4DC2;
					};
					1C4BBC0B2617B93A003A4DC2 = {
						CreatedOnToolsVersion = 12.4;
						TestTargetID = 1C4BBBEA2617B938003A4DC2;
					};
				};
			};
			buildConfigurationList = 1C4BBBE62617B938003A4DC2 /* Build configuration list for PBXProject "RickAndMorty" */;
			compatibilityVersion = "Xcode 9.3";
			developmentRegion = en;
			hasScannedForEncodings = 0;
			knownRegions = (
				en,
				Base,
			);
			mainGroup = 1C4BBBE22617B938003A4DC2;
			packageReferences = (
				1C4BBC892617CD9E003A4DC2 /* XCRemoteSwiftPackageReference "Alamofire" */,
				1C4BBCBA2617F914003A4DC2 /* XCRemoteSwiftPackageReference "SDWebImage" */,
			);
			productRefGroup = 1C4BBBEC2617B938003A4DC2 /* Products */;
			projectDirPath = "";
			projectRoot = "";
			targets = (
				1C4BBBEA2617B938003A4DC2 /* RickAndMorty */,
				1C4BBC002617B93A003A4DC2 /* RickAndMortyTests */,
				1C4BBC0B2617B93A003A4DC2 /* RickAndMortyUITests */,
			);
		};
/* End PBXProject section */

/* Begin PBXResourcesBuildPhase section */
		1C4BBBE92617B938003A4DC2 /* Resources */ = {
			isa = PBXResourcesBuildPhase;
			buildActionMask = 2147483647;
			files = (
				1C4BBCB62617EF3B003A4DC2 /* CharacterListCollectionViewCell.xib in Resources */,
				1CFFABB6261804C9007B9E43 /* CharacterGridCollectionViewCell.xib in Resources */,
				1C4BBBFB2617B93A003A4DC2 /* LaunchScreen.storyboard in Resources */,
				1C4BBC462617BF27003A4DC2 /* CharacterList.storyboard in Resources */,
				1C4BBBF82617B93A003A4DC2 /* Assets.xcassets in Resources */,
			);
			runOnlyForDeploymentPostprocessing = 0;
		};
		1C4BBBFF2617B93A003A4DC2 /* Resources */ = {
			isa = PBXResourcesBuildPhase;
			buildActionMask = 2147483647;
			files = (
			);
			runOnlyForDeploymentPostprocessing = 0;
		};
		1C4BBC0A2617B93A003A4DC2 /* Resources */ = {
			isa = PBXResourcesBuildPhase;
			buildActionMask = 2147483647;
			files = (
			);
			runOnlyForDeploymentPostprocessing = 0;
		};
/* End PBXResourcesBuildPhase section */

/* Begin PBXSourcesBuildPhase section */
		1C4BBBE72617B938003A4DC2 /* Sources */ = {
			isa = PBXSourcesBuildPhase;
			buildActionMask = 2147483647;
			files = (
				1CFFABC9261807CD007B9E43 /* CharacterGridCollectionViewCell.swift in Sources */,
				1C4BBC472617BF27003A4DC2 /* CharacterListViewController.swift in Sources */,
				1C4BBC482617BF27003A4DC2 /* CharacterListPresenter.swift in Sources */,
				1C4BBC492617BF27003A4DC2 /* CharacterListInteractor.swift in Sources */,
				1C4BBC4C2617BF27003A4DC2 /* CharacterListRouter.swift in Sources */,
				1C4BBC312617BB33003A4DC2 /* AppRouter.swift in Sources */,
				1C4BBBEF2617B938003A4DC2 /* AppDelegate.swift in Sources */,
				1C4BBCB52617EF3B003A4DC2 /* CharacterListCollectionViewCell.swift in Sources */,
				1C4BBC292617BB29003A4DC2 /* AppContainer.swift in Sources */,
				1C4BBC4A2617BF27003A4DC2 /* CharacterListModels.swift in Sources */,
				1C4BBC4B2617BF27003A4DC2 /* CharacterListWorker.swift in Sources */,
			);
			runOnlyForDeploymentPostprocessing = 0;
		};
		1C4BBBFD2617B93A003A4DC2 /* Sources */ = {
			isa = PBXSourcesBuildPhase;
			buildActionMask = 2147483647;
			files = (
				1C4BBC062617B93A003A4DC2 /* RickAndMortyTests.swift in Sources */,
			);
			runOnlyForDeploymentPostprocessing = 0;
		};
		1C4BBC082617B93A003A4DC2 /* Sources */ = {
			isa = PBXSourcesBuildPhase;
			buildActionMask = 2147483647;
			files = (
				1C4BBC112617B93A003A4DC2 /* RickAndMortyUITests.swift in Sources */,
			);
			runOnlyForDeploymentPostprocessing = 0;
		};
/* End PBXSourcesBuildPhase section */

/* Begin PBXTargetDependency section */
		1C4BBC032617B93A003A4DC2 /* PBXTargetDependency */ = {
			isa = PBXTargetDependency;
			target = 1C4BBBEA2617B938003A4DC2 /* RickAndMorty */;
			targetProxy = 1C4BBC022617B93A003A4DC2 /* PBXContainerItemProxy */;
		};
		1C4BBC0E2617B93A003A4DC2 /* PBXTargetDependency */ = {
			isa = PBXTargetDependency;
			target = 1C4BBBEA2617B938003A4DC2 /* RickAndMorty */;
			targetProxy = 1C4BBC0D2617B93A003A4DC2 /* PBXContainerItemProxy */;
		};
/* End PBXTargetDependency section */

/* Begin PBXVariantGroup section */
		1C4BBBF92617B93A003A4DC2 /* LaunchScreen.storyboard */ = {
			isa = PBXVariantGroup;
			children = (
				1C4BBBFA2617B93A003A4DC2 /* Base */,
			);
			name = LaunchScreen.storyboard;
			sourceTree = "<group>";
		};
/* End PBXVariantGroup section */

/* Begin XCBuildConfiguration section */
		1C4BBC132617B93B003A4DC2 /* Debug */ = {
			isa = XCBuildConfiguration;
			buildSettings = {
				ALWAYS_SEARCH_USER_PATHS = NO;
				CLANG_ANALYZER_NONNULL = YES;
				CLANG_ANALYZER_NUMBER_OBJECT_CONVERSION = YES_AGGRESSIVE;
				CLANG_CXX_LANGUAGE_STANDARD = "gnu++14";
				CLANG_CXX_LIBRARY = "libc++";
				CLANG_ENABLE_MODULES = YES;
				CLANG_ENABLE_OBJC_ARC = YES;
				CLANG_ENABLE_OBJC_WEAK = YES;
				CLANG_WARN_BLOCK_CAPTURE_AUTORELEASING = YES;
				CLANG_WARN_BOOL_CONVERSION = YES;
				CLANG_WARN_COMMA = YES;
				CLANG_WARN_CONSTANT_CONVERSION = YES;
				CLANG_WARN_DEPRECATED_OBJC_IMPLEMENTATIONS = YES;
				CLANG_WARN_DIRECT_OBJC_ISA_USAGE = YES_ERROR;
				CLANG_WARN_DOCUMENTATION_COMMENTS = YES;
				CLANG_WARN_EMPTY_BODY = YES;
				CLANG_WARN_ENUM_CONVERSION = YES;
				CLANG_WARN_INFINITE_RECURSION = YES;
				CLANG_WARN_INT_CONVERSION = YES;
				CLANG_WARN_NON_LITERAL_NULL_CONVERSION = YES;
				CLANG_WARN_OBJC_IMPLICIT_RETAIN_SELF = YES;
				CLANG_WARN_OBJC_LITERAL_CONVERSION = YES;
				CLANG_WARN_OBJC_ROOT_CLASS = YES_ERROR;
				CLANG_WARN_QUOTED_INCLUDE_IN_FRAMEWORK_HEADER = YES;
				CLANG_WARN_RANGE_LOOP_ANALYSIS = YES;
				CLANG_WARN_STRICT_PROTOTYPES = YES;
				CLANG_WARN_SUSPICIOUS_MOVE = YES;
				CLANG_WARN_UNGUARDED_AVAILABILITY = YES_AGGRESSIVE;
				CLANG_WARN_UNREACHABLE_CODE = YES;
				CLANG_WARN__DUPLICATE_METHOD_MATCH = YES;
				COPY_PHASE_STRIP = NO;
				DEBUG_INFORMATION_FORMAT = dwarf;
				ENABLE_STRICT_OBJC_MSGSEND = YES;
				ENABLE_TESTABILITY = YES;
				GCC_C_LANGUAGE_STANDARD = gnu11;
				GCC_DYNAMIC_NO_PIC = NO;
				GCC_NO_COMMON_BLOCKS = YES;
				GCC_OPTIMIZATION_LEVEL = 0;
				GCC_PREPROCESSOR_DEFINITIONS = (
					"DEBUG=1",
					"$(inherited)",
				);
				GCC_WARN_64_TO_32_BIT_CONVERSION = YES;
				GCC_WARN_ABOUT_RETURN_TYPE = YES_ERROR;
				GCC_WARN_UNDECLARED_SELECTOR = YES;
				GCC_WARN_UNINITIALIZED_AUTOS = YES_AGGRESSIVE;
				GCC_WARN_UNUSED_FUNCTION = YES;
				GCC_WARN_UNUSED_VARIABLE = YES;
				IPHONEOS_DEPLOYMENT_TARGET = 14.4;
				MTL_ENABLE_DEBUG_INFO = INCLUDE_SOURCE;
				MTL_FAST_MATH = YES;
				ONLY_ACTIVE_ARCH = YES;
				SDKROOT = iphoneos;
				SWIFT_ACTIVE_COMPILATION_CONDITIONS = DEBUG;
				SWIFT_OPTIMIZATION_LEVEL = "-Onone";
			};
			name = Debug;
		};
		1C4BBC142617B93B003A4DC2 /* Release */ = {
			isa = XCBuildConfiguration;
			buildSettings = {
				ALWAYS_SEARCH_USER_PATHS = NO;
				CLANG_ANALYZER_NONNULL = YES;
				CLANG_ANALYZER_NUMBER_OBJECT_CONVERSION = YES_AGGRESSIVE;
				CLANG_CXX_LANGUAGE_STANDARD = "gnu++14";
				CLANG_CXX_LIBRARY = "libc++";
				CLANG_ENABLE_MODULES = YES;
				CLANG_ENABLE_OBJC_ARC = YES;
				CLANG_ENABLE_OBJC_WEAK = YES;
				CLANG_WARN_BLOCK_CAPTURE_AUTORELEASING = YES;
				CLANG_WARN_BOOL_CONVERSION = YES;
				CLANG_WARN_COMMA = YES;
				CLANG_WARN_CONSTANT_CONVERSION = YES;
				CLANG_WARN_DEPRECATED_OBJC_IMPLEMENTATIONS = YES;
				CLANG_WARN_DIRECT_OBJC_ISA_USAGE = YES_ERROR;
				CLANG_WARN_DOCUMENTATION_COMMENTS = YES;
				CLANG_WARN_EMPTY_BODY = YES;
				CLANG_WARN_ENUM_CONVERSION = YES;
				CLANG_WARN_INFINITE_RECURSION = YES;
				CLANG_WARN_INT_CONVERSION = YES;
				CLANG_WARN_NON_LITERAL_NULL_CONVERSION = YES;
				CLANG_WARN_OBJC_IMPLICIT_RETAIN_SELF = YES;
				CLANG_WARN_OBJC_LITERAL_CONVERSION = YES;
				CLANG_WARN_OBJC_ROOT_CLASS = YES_ERROR;
				CLANG_WARN_QUOTED_INCLUDE_IN_FRAMEWORK_HEADER = YES;
				CLANG_WARN_RANGE_LOOP_ANALYSIS = YES;
				CLANG_WARN_STRICT_PROTOTYPES = YES;
				CLANG_WARN_SUSPICIOUS_MOVE = YES;
				CLANG_WARN_UNGUARDED_AVAILABILITY = YES_AGGRESSIVE;
				CLANG_WARN_UNREACHABLE_CODE = YES;
				CLANG_WARN__DUPLICATE_METHOD_MATCH = YES;
				COPY_PHASE_STRIP = NO;
				DEBUG_INFORMATION_FORMAT = "dwarf-with-dsym";
				ENABLE_NS_ASSERTIONS = NO;
				ENABLE_STRICT_OBJC_MSGSEND = YES;
				GCC_C_LANGUAGE_STANDARD = gnu11;
				GCC_NO_COMMON_BLOCKS = YES;
				GCC_WARN_64_TO_32_BIT_CONVERSION = YES;
				GCC_WARN_ABOUT_RETURN_TYPE = YES_ERROR;
				GCC_WARN_UNDECLARED_SELECTOR = YES;
				GCC_WARN_UNINITIALIZED_AUTOS = YES_AGGRESSIVE;
				GCC_WARN_UNUSED_FUNCTION = YES;
				GCC_WARN_UNUSED_VARIABLE = YES;
				IPHONEOS_DEPLOYMENT_TARGET = 14.4;
				MTL_ENABLE_DEBUG_INFO = NO;
				MTL_FAST_MATH = YES;
				SDKROOT = iphoneos;
				SWIFT_COMPILATION_MODE = wholemodule;
				SWIFT_OPTIMIZATION_LEVEL = "-O";
				VALIDATE_PRODUCT = YES;
			};
			name = Release;
		};
		1C4BBC162617B93B003A4DC2 /* Debug */ = {
			isa = XCBuildConfiguration;
			buildSettings = {
				ASSETCATALOG_COMPILER_APPICON_NAME = AppIcon;
				ASSETCATALOG_COMPILER_GLOBAL_ACCENT_COLOR_NAME = AccentColor;
				CODE_SIGN_STYLE = Automatic;
				INFOPLIST_FILE = RickAndMorty/Info.plist;
				LD_RUNPATH_SEARCH_PATHS = (
					"$(inherited)",
					"@executable_path/Frameworks",
				);
				PRODUCT_BUNDLE_IDENTIFIER = com.gizemfitoz.RickAndMorty;
				PRODUCT_NAME = "$(TARGET_NAME)";
				SWIFT_VERSION = 5.0;
				TARGETED_DEVICE_FAMILY = 1;
			};
			name = Debug;
		};
		1C4BBC172617B93B003A4DC2 /* Release */ = {
			isa = XCBuildConfiguration;
			buildSettings = {
				ASSETCATALOG_COMPILER_APPICON_NAME = AppIcon;
				ASSETCATALOG_COMPILER_GLOBAL_ACCENT_COLOR_NAME = AccentColor;
				CODE_SIGN_STYLE = Automatic;
				INFOPLIST_FILE = RickAndMorty/Info.plist;
				LD_RUNPATH_SEARCH_PATHS = (
					"$(inherited)",
					"@executable_path/Frameworks",
				);
				PRODUCT_BUNDLE_IDENTIFIER = com.gizemfitoz.RickAndMorty;
				PRODUCT_NAME = "$(TARGET_NAME)";
				SWIFT_VERSION = 5.0;
				TARGETED_DEVICE_FAMILY = 1;
			};
			name = Release;
		};
		1C4BBC192617B93B003A4DC2 /* Debug */ = {
			isa = XCBuildConfiguration;
			buildSettings = {
				ALWAYS_EMBED_SWIFT_STANDARD_LIBRARIES = YES;
				BUNDLE_LOADER = "$(TEST_HOST)";
				CODE_SIGN_STYLE = Automatic;
				INFOPLIST_FILE = RickAndMortyTests/Info.plist;
				IPHONEOS_DEPLOYMENT_TARGET = 14.4;
				LD_RUNPATH_SEARCH_PATHS = (
					"$(inherited)",
					"@executable_path/Frameworks",
					"@loader_path/Frameworks",
				);
				PRODUCT_BUNDLE_IDENTIFIER = com.gizemfitoz.RickAndMortyTests;
				PRODUCT_NAME = "$(TARGET_NAME)";
				SWIFT_VERSION = 5.0;
				TARGETED_DEVICE_FAMILY = "1,2";
				TEST_HOST = "$(BUILT_PRODUCTS_DIR)/RickAndMorty.app/RickAndMorty";
			};
			name = Debug;
		};
		1C4BBC1A2617B93B003A4DC2 /* Release */ = {
			isa = XCBuildConfiguration;
			buildSettings = {
				ALWAYS_EMBED_SWIFT_STANDARD_LIBRARIES = YES;
				BUNDLE_LOADER = "$(TEST_HOST)";
				CODE_SIGN_STYLE = Automatic;
				INFOPLIST_FILE = RickAndMortyTests/Info.plist;
				IPHONEOS_DEPLOYMENT_TARGET = 14.4;
				LD_RUNPATH_SEARCH_PATHS = (
					"$(inherited)",
					"@executable_path/Frameworks",
					"@loader_path/Frameworks",
				);
				PRODUCT_BUNDLE_IDENTIFIER = com.gizemfitoz.RickAndMortyTests;
				PRODUCT_NAME = "$(TARGET_NAME)";
				SWIFT_VERSION = 5.0;
				TARGETED_DEVICE_FAMILY = "1,2";
				TEST_HOST = "$(BUILT_PRODUCTS_DIR)/RickAndMorty.app/RickAndMorty";
			};
			name = Release;
		};
		1C4BBC1C2617B93B003A4DC2 /* Debug */ = {
			isa = XCBuildConfiguration;
			buildSettings = {
				ALWAYS_EMBED_SWIFT_STANDARD_LIBRARIES = YES;
				CODE_SIGN_STYLE = Automatic;
				INFOPLIST_FILE = RickAndMortyUITests/Info.plist;
				LD_RUNPATH_SEARCH_PATHS = (
					"$(inherited)",
					"@executable_path/Frameworks",
					"@loader_path/Frameworks",
				);
				PRODUCT_BUNDLE_IDENTIFIER = com.gizemfitoz.RickAndMortyUITests;
				PRODUCT_NAME = "$(TARGET_NAME)";
				SWIFT_VERSION = 5.0;
				TARGETED_DEVICE_FAMILY = "1,2";
				TEST_TARGET_NAME = RickAndMorty;
			};
			name = Debug;
		};
		1C4BBC1D2617B93B003A4DC2 /* Release */ = {
			isa = XCBuildConfiguration;
			buildSettings = {
				ALWAYS_EMBED_SWIFT_STANDARD_LIBRARIES = YES;
				CODE_SIGN_STYLE = Automatic;
				INFOPLIST_FILE = RickAndMortyUITests/Info.plist;
				LD_RUNPATH_SEARCH_PATHS = (
					"$(inherited)",
					"@executable_path/Frameworks",
					"@loader_path/Frameworks",
				);
				PRODUCT_BUNDLE_IDENTIFIER = com.gizemfitoz.RickAndMortyUITests;
				PRODUCT_NAME = "$(TARGET_NAME)";
				SWIFT_VERSION = 5.0;
				TARGETED_DEVICE_FAMILY = "1,2";
				TEST_TARGET_NAME = RickAndMorty;
			};
			name = Release;
		};
/* End XCBuildConfiguration section */

/* Begin XCConfigurationList section */
		1C4BBBE62617B938003A4DC2 /* Build configuration list for PBXProject "RickAndMorty" */ = {
			isa = XCConfigurationList;
			buildConfigurations = (
				1C4BBC132617B93B003A4DC2 /* Debug */,
				1C4BBC142617B93B003A4DC2 /* Release */,
			);
			defaultConfigurationIsVisible = 0;
			defaultConfigurationName = Release;
		};
		1C4BBC152617B93B003A4DC2 /* Build configuration list for PBXNativeTarget "RickAndMorty" */ = {
			isa = XCConfigurationList;
			buildConfigurations = (
				1C4BBC162617B93B003A4DC2 /* Debug */,
				1C4BBC172617B93B003A4DC2 /* Release */,
			);
			defaultConfigurationIsVisible = 0;
			defaultConfigurationName = Release;
		};
		1C4BBC182617B93B003A4DC2 /* Build configuration list for PBXNativeTarget "RickAndMortyTests" */ = {
			isa = XCConfigurationList;
			buildConfigurations = (
				1C4BBC192617B93B003A4DC2 /* Debug */,
				1C4BBC1A2617B93B003A4DC2 /* Release */,
			);
			defaultConfigurationIsVisible = 0;
			defaultConfigurationName = Release;
		};
		1C4BBC1B2617B93B003A4DC2 /* Build configuration list for PBXNativeTarget "RickAndMortyUITests" */ = {
			isa = XCConfigurationList;
			buildConfigurations = (
				1C4BBC1C2617B93B003A4DC2 /* Debug */,
				1C4BBC1D2617B93B003A4DC2 /* Release */,
			);
			defaultConfigurationIsVisible = 0;
			defaultConfigurationName = Release;
		};
/* End XCConfigurationList section */

/* Begin XCRemoteSwiftPackageReference section */
		1C4BBC892617CD9E003A4DC2 /* XCRemoteSwiftPackageReference "Alamofire" */ = {
			isa = XCRemoteSwiftPackageReference;
			repositoryURL = "https://github.com/Alamofire/Alamofire.git";
			requirement = {
				kind = upToNextMajorVersion;
				minimumVersion = 5.4.1;
			};
		};
		1C4BBCBA2617F914003A4DC2 /* XCRemoteSwiftPackageReference "SDWebImage" */ = {
			isa = XCRemoteSwiftPackageReference;
			repositoryURL = "https://github.com/SDWebImage/SDWebImage.git";
			requirement = {
				kind = upToNextMajorVersion;
				minimumVersion = 5.11.0;
			};
		};
/* End XCRemoteSwiftPackageReference section */

/* Begin XCSwiftPackageProductDependency section */
		1C4BBC8A2617CD9E003A4DC2 /* Alamofire */ = {
			isa = XCSwiftPackageProductDependency;
			package = 1C4BBC892617CD9E003A4DC2 /* XCRemoteSwiftPackageReference "Alamofire" */;
			productName = Alamofire;
		};
		1C4BBC992617DDF6003A4DC2 /* API */ = {
			isa = XCSwiftPackageProductDependency;
			productName = API;
		};
		1C4BBCA42617E3CD003A4DC2 /* Extensions */ = {
			isa = XCSwiftPackageProductDependency;
			productName = Extensions;
		};
		1C4BBCBE2617F94F003A4DC2 /* SDWebImage */ = {
			isa = XCSwiftPackageProductDependency;
			package = 1C4BBCBA2617F914003A4DC2 /* XCRemoteSwiftPackageReference "SDWebImage" */;
			productName = SDWebImage;
		};
		1C4BBCC02617F94F003A4DC2 /* SDWebImageMapKit */ = {
			isa = XCSwiftPackageProductDependency;
			package = 1C4BBCBA2617F914003A4DC2 /* XCRemoteSwiftPackageReference "SDWebImage" */;
			productName = SDWebImageMapKit;
		};
/* End XCSwiftPackageProductDependency section */
	};
	rootObject = 1C4BBBE32617B938003A4DC2 /* Project object */;
}
